
Microsoft Visual Studio Solution File, Format Version 12.00
# Visual Studio Version 17
VisualStudioVersion = 17.7.34009.444
MinimumVisualStudioVersion = 10.0.40219.1
Project("{FAE04EC0-301F-11D3-BF4B-00C04F79EFBC}") = "1.3Uzduotis_List", "1.3Uzduotis_List\1.3Uzduotis_List.csproj", "{97D98F41-7F9C-400C-A420-ADEAE6155087}"
EndProject
Global
	GlobalSection(SolutionConfigurationPlatforms) = preSolution
		Debug|Any CPU = Debug|Any CPU
		Release|Any CPU = Release|Any CPU
	EndGlobalSection
	GlobalSection(ProjectConfigurationPlatforms) = postSolution
		{97D98F41-7F9C-400C-A420-ADEAE6155087}.Debug|Any CPU.ActiveCfg = Debug|Any CPU
		{97D98F41-7F9C-400C-A420-ADEAE6155087}.Debug|Any CPU.Build.0 = Debug|Any CPU
		{97D98F41-7F9C-400C-A420-ADEAE6155087}.Release|Any CPU.ActiveCfg = Release|Any CPU
		{97D98F41-7F9C-400C-A420-ADEAE6155087}.Release|Any CPU.Build.0 = Release|Any CPU
	EndGlobalSection
	GlobalSection(SolutionProperties) = preSolution
		HideSolutionNode = FALSE
	EndGlobalSection
	GlobalSection(ExtensibilityGlobals) = postSolution
		SolutionGuid = {A3FA2AE4-12C3-4BFF-B3EB-9C08E9AE8C38}
	EndGlobalSection
EndGlobal
